// !$*UTF8*$!
{
	archiveVersion = 1;
	classes = {
	};
	objectVersion = 46;
	objects = {

/* Begin PBXBuildFile section */
		79BDCB641EEF67A80049ECC5 /* main.m in Sources */ = {isa = PBXBuildFile; fileRef = 79BDCB631EEF67A80049ECC5 /* main.m */; };
		79BDCB671EEF67A80049ECC5 /* AppDelegate.m in Sources */ = {isa = PBXBuildFile; fileRef = 79BDCB661EEF67A80049ECC5 /* AppDelegate.m */; };
		79BDCB6A1EEF67A80049ECC5 /* ViewController.m in Sources */ = {isa = PBXBuildFile; fileRef = 79BDCB691EEF67A80049ECC5 /* ViewController.m */; };
		79BDCB6D1EEF67A80049ECC5 /* Main.storyboard in Resources */ = {isa = PBXBuildFile; fileRef = 79BDCB6B1EEF67A80049ECC5 /* Main.storyboard */; };
		79BDCB6F1EEF67A80049ECC5 /* Assets.xcassets in Resources */ = {isa = PBXBuildFile; fileRef = 79BDCB6E1EEF67A80049ECC5 /* Assets.xcassets */; };
		79BDCB721EEF67A80049ECC5 /* LaunchScreen.storyboard in Resources */ = {isa = PBXBuildFile; fileRef = 79BDCB701EEF67A80049ECC5 /* LaunchScreen.storyboard */; };
		79BDCB7D1EEF67A80049ECC5 /* ios_objc_foundation_nsmutablearray_demoTests.m in Sources */ = {isa = PBXBuildFile; fileRef = 79BDCB7C1EEF67A80049ECC5 /* ios_objc_foundation_nsmutablearray_demoTests.m */; };
/* End PBXBuildFile section */

/* Begin PBXContainerItemProxy section */
		79BDCB791EEF67A80049ECC5 /* PBXContainerItemProxy */ = {
			isa = PBXContainerItemProxy;
			containerPortal = 79BDCB571EEF67A80049ECC5 /* Project object */;
			proxyType = 1;
			remoteGlobalIDString = 79BDCB5E1EEF67A80049ECC5;
			remoteInfo = "ios-objc-foundation-nsmutablearray-demo";
		};
/* End PBXContainerItemProxy section */

/* Begin PBXFileReference section */
		79BDCB5F1EEF67A80049ECC5 /* ios-objc-foundation-nsmutablearray-demo.app */ = {isa = PBXFileReference; explicitFileType = wrapper.application; includeInIndex = 0; path = "ios-objc-foundation-nsmutablearray-demo.app"; sourceTree = BUILT_PRODUCTS_DIR; };
		79BDCB631EEF67A80049ECC5 /* main.m */ = {isa = PBXFileReference; lastKnownFileType = sourcecode.c.objc; path = main.m; sourceTree = "<group>"; };
		79BDCB651EEF67A80049ECC5 /* AppDelegate.h */ = {isa = PBXFileReference; lastKnownFileType = sourcecode.c.h; path = AppDelegate.h; sourceTree = "<group>"; };
		79BDCB661EEF67A80049ECC5 /* AppDelegate.m */ = {isa = PBXFileReference; lastKnownFileType = sourcecode.c.objc; path = AppDelegate.m; sourceTree = "<group>"; };
		79BDCB681EEF67A80049ECC5 /* ViewController.h */ = {isa = PBXFileReference; lastKnownFileType = sourcecode.c.h; path = ViewController.h; sourceTree = "<group>"; };
		79BDCB691EEF67A80049ECC5 /* ViewController.m */ = {isa = PBXFileReference; lastKnownFileType = sourcecode.c.objc; path = ViewController.m; sourceTree = "<group>"; };
		79BDCB6C1EEF67A80049ECC5 /* Base */ = {isa = PBXFileReference; lastKnownFileType = file.storyboard; name = Base; path = Base.lproj/Main.storyboard; sourceTree = "<group>"; };
		79BDCB6E1EEF67A80049ECC5 /* Assets.xcassets */ = {isa = PBXFileReference; lastKnownFileType = folder.assetcatalog; path = Assets.xcassets; sourceTree = "<group>"; };
		79BDCB711EEF67A80049ECC5 /* Base */ = {isa = PBXFileReference; lastKnownFileType = file.storyboard; name = Base; path = Base.lproj/LaunchScreen.storyboard; sourceTree = "<group>"; };
		79BDCB731EEF67A80049ECC5 /* Info.plist */ = {isa = PBXFileReference; lastKnownFileType = text.plist.xml; path = Info.plist; sourceTree = "<group>"; };
		79BDCB781EEF67A80049ECC5 /* ios-objc-foundation-nsmutablearray-demoTests.xctest */ = {isa = PBXFileReference; explicitFileType = wrapper.cfbundle; includeInIndex = 0; path = "ios-objc-foundation-nsmutablearray-demoTests.xctest"; sourceTree = BUILT_PRODUCTS_DIR; };
		79BDCB7C1EEF67A80049ECC5 /* ios_objc_foundation_nsmutablearray_demoTests.m */ = {isa = PBXFileReference; lastKnownFileType = sourcecode.c.objc; path = ios_objc_foundation_nsmutablearray_demoTests.m; sourceTree = "<group>"; };
		79BDCB7E1EEF67A80049ECC5 /* Info.plist */ = {isa = PBXFileReference; lastKnownFileType = text.plist.xml; path = Info.plist; sourceTree = "<group>"; };
/* End PBXFileReference section */

/* Begin PBXFrameworksBuildPhase section */
		79BDCB5C1EEF67A80049ECC5 /* Frameworks */ = {
			isa = PBXFrameworksBuildPhase;
			buildActionMask = 2147483647;
			files = (
			);
			runOnlyForDeploymentPostprocessing = 0;
		};
		79BDCB751EEF67A80049ECC5 /* Frameworks */ = {
			isa = PBXFrameworksBuildPhase;
			buildActionMask = 2147483647;
			files = (
			);
			runOnlyForDeploymentPostprocessing = 0;
		};
/* End PBXFrameworksBuildPhase section */

/* Begin PBXGroup section */
		79BDCB561EEF67A80049ECC5 = {
			isa = PBXGroup;
			children = (
				79BDCB611EEF67A80049ECC5 /* ios-objc-foundation-nsmutablearray-demo */,
				79BDCB7B1EEF67A80049ECC5 /* ios-objc-foundation-nsmutablearray-demoTests */,
				79BDCB601EEF67A80049ECC5 /* Products */,
			);
			sourceTree = "<group>";
		};
		79BDCB601EEF67A80049ECC5 /* Products */ = {
			isa = PBXGroup;
			children = (
				79BDCB5F1EEF67A80049ECC5 /* ios-objc-foundation-nsmutablearray-demo.app */,
				79BDCB781EEF67A80049ECC5 /* ios-objc-foundation-nsmutablearray-demoTests.xctest */,
			);
			name = Products;
			sourceTree = "<group>";
		};
		79BDCB611EEF67A80049ECC5 /* ios-objc-foundation-nsmutablearray-demo */ = {
			isa = PBXGroup;
			children = (
				79BDCB651EEF67A80049ECC5 /* AppDelegate.h */,
				79BDCB661EEF67A80049ECC5 /* AppDelegate.m */,
				79BDCB681EEF67A80049ECC5 /* ViewController.h */,
				79BDCB691EEF67A80049ECC5 /* ViewController.m */,
				79BDCB6B1EEF67A80049ECC5 /* Main.storyboard */,
				79BDCB6E1EEF67A80049ECC5 /* Assets.xcassets */,
				79BDCB701EEF67A80049ECC5 /* LaunchScreen.storyboard */,
				79BDCB731EEF67A80049ECC5 /* Info.plist */,
				79BDCB621EEF67A80049ECC5 /* Supporting Files */,
			);
			path = "ios-objc-foundation-nsmutablearray-demo";
			sourceTree = "<group>";
		};
		79BDCB621EEF67A80049ECC5 /* Supporting Files */ = {
			isa = PBXGroup;
			children = (
				79BDCB631EEF67A80049ECC5 /* main.m */,
			);
			name = "Supporting Files";
			sourceTree = "<group>";
		};
		79BDCB7B1EEF67A80049ECC5 /* ios-objc-foundation-nsmutablearray-demoTests */ = {
			isa = PBXGroup;
			children = (
				79BDCB7C1EEF67A80049ECC5 /* ios_objc_foundation_nsmutablearray_demoTests.m */,
				79BDCB7E1EEF67A80049ECC5 /* Info.plist */,
			);
			path = "ios-objc-foundation-nsmutablearray-demoTests";
			sourceTree = "<group>";
		};
/* End PBXGroup section */

/* Begin PBXNativeTarget section */
		79BDCB5E1EEF67A80049ECC5 /* ios-objc-foundation-nsmutablearray-demo */ = {
			isa = PBXNativeTarget;
			buildConfigurationList = 79BDCB811EEF67A80049ECC5 /* Build configuration list for PBXNativeTarget "ios-objc-foundation-nsmutablearray-demo" */;
			buildPhases = (
				79BDCB5B1EEF67A80049ECC5 /* Sources */,
				79BDCB5C1EEF67A80049ECC5 /* Frameworks */,
				79BDCB5D1EEF67A80049ECC5 /* Resources */,
			);
			buildRules = (
			);
			dependencies = (
			);
			name = "ios-objc-foundation-nsmutablearray-demo";
			productName = "ios-objc-foundation-nsmutablearray-demo";
			productReference = 79BDCB5F1EEF67A80049ECC5 /* ios-objc-foundation-nsmutablearray-demo.app */;
			productType = "com.apple.product-type.application";
		};
		79BDCB771EEF67A80049ECC5 /* ios-objc-foundation-nsmutablearray-demoTests */ = {
			isa = PBXNativeTarget;
			buildConfigurationList = 79BDCB841EEF67A80049ECC5 /* Build configuration list for PBXNativeTarget "ios-objc-foundation-nsmutablearray-demoTests" */;
			buildPhases = (
				79BDCB741EEF67A80049ECC5 /* Sources */,
				79BDCB751EEF67A80049ECC5 /* Frameworks */,
				79BDCB761EEF67A80049ECC5 /* Resources */,
			);
			buildRules = (
			);
			dependencies = (
				79BDCB7A1EEF67A80049ECC5 /* PBXTargetDependency */,
			);
			name = "ios-objc-foundation-nsmutablearray-demoTests";
			productName = "ios-objc-foundation-nsmutablearray-demoTests";
			productReference = 79BDCB781EEF67A80049ECC5 /* ios-objc-foundation-nsmutablearray-demoTests.xctest */;
			productType = "com.apple.product-type.bundle.unit-test";
		};
/* End PBXNativeTarget section */

/* Begin PBXProject section */
		79BDCB571EEF67A80049ECC5 /* Project object */ = {
			isa = PBXProject;
			attributes = {
				LastUpgradeCheck = 0830;
				ORGANIZATIONNAME = "Eiji Kushida";
				TargetAttributes = {
					79BDCB5E1EEF67A80049ECC5 = {
						CreatedOnToolsVersion = 8.3.3;
						DevelopmentTeam = PCCZJUYRT6;
						ProvisioningStyle = Automatic;
					};
					79BDCB771EEF67A80049ECC5 = {
						CreatedOnToolsVersion = 8.3.3;
						ProvisioningStyle = Automatic;
						TestTargetID = 79BDCB5E1EEF67A80049ECC5;
					};
				};
			};
			buildConfigurationList = 79BDCB5A1EEF67A80049ECC5 /* Build configuration list for PBXProject "ios-objc-foundation-nsmutablearray-demo" */;
			compatibilityVersion = "Xcode 3.2";
			developmentRegion = English;
			hasScannedForEncodings = 0;
			knownRegions = (
				en,
				Base,
			);
			mainGroup = 79BDCB561EEF67A80049ECC5;
			productRefGroup = 79BDCB601EEF67A80049ECC5 /* Products */;
			projectDirPath = "";
			projectRoot = "";
			targets = (
				79BDCB5E1EEF67A80049ECC5 /* ios-objc-foundation-nsmutablearray-demo */,
				79BDCB771EEF67A80049ECC5 /* ios-objc-foundation-nsmutablearray-demoTests */,
			);
		};
/* End PBXProject section */

/* Begin PBXResourcesBuildPhase section */
		79BDCB5D1EEF67A80049ECC5 /* Resources */ = {
			isa = PBXResourcesBuildPhase;
			buildActionMask = 2147483647;
			files = (
				79BDCB721EEF67A80049ECC5 /* LaunchScreen.storyboard in Resources */,
				79BDCB6F1EEF67A80049ECC5 /* Assets.xcassets in Resources */,
				79BDCB6D1EEF67A80049ECC5 /* Main.storyboard in Resources */,
			);
			runOnlyForDeploymentPostprocessing = 0;
		};
		79BDCB761EEF67A80049ECC5 /* Resources */ = {
			isa = PBXResourcesBuildPhase;
			buildActionMask = 2147483647;
			files = (
			);
			runOnlyForDeploymentPostprocessing = 0;
		};
/* End PBXResourcesBuildPhase section */

/* Begin PBXSourcesBuildPhase section */
		79BDCB5B1EEF67A80049ECC5 /* Sources */ = {
			isa = PBXSourcesBuildPhase;
			buildActionMask = 2147483647;
			files = (
				79BDCB6A1EEF67A80049ECC5 /* ViewController.m in Sources */,
				79BDCB671EEF67A80049ECC5 /* AppDelegate.m in Sources */,
				79BDCB641EEF67A80049ECC5 /* main.m in Sources */,
			);
			runOnlyForDeploymentPostprocessing = 0;
		};
		79BDCB741EEF67A80049ECC5 /* Sources */ = {
			isa = PBXSourcesBuildPhase;
			buildActionMask = 2147483647;
			files = (
				79BDCB7D1EEF67A80049ECC5 /* ios_objc_foundation_nsmutablearray_demoTests.m in Sources */,
			);
			runOnlyForDeploymentPostprocessing = 0;
		};
/* End PBXSourcesBuildPhase section */

/* Begin PBXTargetDependency section */
		79BDCB7A1EEF67A80049ECC5 /* PBXTargetDependency */ = {
			isa = PBXTargetDependency;
			target = 79BDCB5E1EEF67A80049ECC5 /* ios-objc-foundation-nsmutablearray-demo */;
			targetProxy = 79BDCB791EEF67A80049ECC5 /* PBXContainerItemProxy */;
		};
/* End PBXTargetDependency section */

/* Begin PBXVariantGroup section */
		79BDCB6B1EEF67A80049ECC5 /* Main.storyboard */ = {
			isa = PBXVariantGroup;
			children = (
				79BDCB6C1EEF67A80049ECC5 /* Base */,
			);
			name = Main.storyboard;
			sourceTree = "<group>";
		};
		79BDCB701EEF67A80049ECC5 /* LaunchScreen.storyboard */ = {
			isa = PBXVariantGroup;
			children = (
				79BDCB711EEF67A80049ECC5 /* Base */,
			);
			name = LaunchScreen.storyboard;
			sourceTree = "<group>";
		};
/* End PBXVariantGroup section */

/* Begin XCBuildConfiguration section */
		79BDCB7F1EEF67A80049ECC5 /* Debug */ = {
			isa = XCBuildConfiguration;
			buildSettings = {
				ALWAYS_SEARCH_USER_PATHS = NO;
				CLANG_ANALYZER_NONNULL = YES;
				CLANG_ANALYZER_NUMBER_OBJECT_CONVERSION = YES_AGGRESSIVE;
				CLANG_CXX_LANGUAGE_STANDARD = "gnu++0x";
				CLANG_CXX_LIBRARY = "libc++";
				CLANG_ENABLE_MODULES = YES;
				CLANG_ENABLE_OBJC_ARC = YES;
				CLANG_WARN_BOOL_CONVERSION = YES;
				CLANG_WARN_CONSTANT_CONVERSION = YES;
				CLANG_WARN_DIRECT_OBJC_ISA_USAGE = YES_ERROR;
				CLANG_WARN_DOCUMENTATION_COMMENTS = YES;
				CLANG_WARN_EMPTY_BODY = YES;
				CLANG_WARN_ENUM_CONVERSION = YES;
				CLANG_WARN_INFINITE_RECURSION = YES;
				CLANG_WARN_INT_CONVERSION = YES;
				CLANG_WARN_OBJC_ROOT_CLASS = YES_ERROR;
				CLANG_WARN_SUSPICIOUS_MOVE = YES;
				CLANG_WARN_UNREACHABLE_CODE = YES;
				CLANG_WARN__DUPLICATE_METHOD_MATCH = YES;
				"CODE_SIGN_IDENTITY[sdk=iphoneos*]" = "iPhone Developer";
				COPY_PHASE_STRIP = NO;
				DEBUG_INFORMATION_FORMAT = dwarf;
				ENABLE_STRICT_OBJC_MSGSEND = YES;
				ENABLE_TESTABILITY = YES;
				GCC_C_LANGUAGE_STANDARD = gnu99;
				GCC_DYNAMIC_NO_PIC = NO;
				GCC_NO_COMMON_BLOCKS = YES;
				GCC_OPTIMIZATION_LEVEL = 0;
				GCC_PREPROCESSOR_DEFINITIONS = (
					"DEBUG=1",
					"$(inherited)",
				);
				GCC_WARN_64_TO_32_BIT_CONVERSION = YES;
				GCC_WARN_ABOUT_RETURN_TYPE = YES_ERROR;
				GCC_WARN_UNDECLARED_SELECTOR = YES;
				GCC_WARN_UNINITIALIZED_AUTOS = YES_AGGRESSIVE;
				GCC_WARN_UNUSED_FUNCTION = YES;
				GCC_WARN_UNUSED_VARIABLE = YES;
				IPHONEOS_DEPLOYMENT_TARGET = 10.3;
				MTL_ENABLE_DEBUG_INFO = YES;
				ONLY_ACTIVE_ARCH = YES;
				SDKROOT = iphoneos;
			};
			name = Debug;
		};
		79BDCB801EEF67A80049ECC5 /* Release */ = {
			isa = XCBuildConfiguration;
			buildSettings = {
				ALWAYS_SEARCH_USER_PATHS = NO;
				CLANG_ANALYZER_NONNULL = YES;
				CLANG_ANALYZER_NUMBER_OBJECT_CONVERSION = YES_AGGRESSIVE;
				CLANG_CXX_LANGUAGE_STANDARD = "gnu++0x";
				CLANG_CXX_LIBRARY = "libc++";
				CLANG_ENABLE_MODULES = YES;
				CLANG_ENABLE_OBJC_ARC = YES;
				CLANG_WARN_BOOL_CONVERSION = YES;
				CLANG_WARN_CONSTANT_CONVERSION = YES;
				CLANG_WARN_DIRECT_OBJC_ISA_USAGE = YES_ERROR;
				CLANG_WARN_DOCUMENTATION_COMMENTS = YES;
				CLANG_WARN_EMPTY_BODY = YES;
				CLANG_WARN_ENUM_CONVERSION = YES;
				CLANG_WARN_INFINITE_RECURSION = YES;
				CLANG_WARN_INT_CONVERSION = YES;
				CLANG_WARN_OBJC_ROOT_CLASS = YES_ERROR;
				CLANG_WARN_SUSPICIOUS_MOVE = YES;
				CLANG_WARN_UNREACHABLE_CODE = YES;
				CLANG_WARN__DUPLICATE_METHOD_MATCH = YES;
				"CODE_SIGN_IDENTITY[sdk=iphoneos*]" = "iPhone Developer";
				COPY_PHASE_STRIP = NO;
				DEBUG_INFORMATION_FORMAT = "dwarf-with-dsym";
				ENABLE_NS_ASSERTIONS = NO;
				ENABLE_STRICT_OBJC_MSGSEND = YES;
				GCC_C_LANGUAGE_STANDARD = gnu99;
				GCC_NO_COMMON_BLOCKS = YES;
				GCC_WARN_64_TO_32_BIT_CONVERSION = YES;
				GCC_WARN_ABOUT_RETURN_TYPE = YES_ERROR;
				GCC_WARN_UNDECLARED_SELECTOR = YES;
				GCC_WARN_UNINITIALIZED_AUTOS = YES_AGGRESSIVE;
				GCC_WARN_UNUSED_FUNCTION = YES;
				GCC_WARN_UNUSED_VARIABLE = YES;
				IPHONEOS_DEPLOYMENT_TARGET = 10.3;
				MTL_ENABLE_DEBUG_INFO = NO;
				SDKROOT = iphoneos;
				VALIDATE_PRODUCT = YES;
			};
			name = Release;
		};
		79BDCB821EEF67A80049ECC5 /* Debug */ = {
			isa = XCBuildConfiguration;
			buildSettings = {
				ASSETCATALOG_COMPILER_APPICON_NAME = AppIcon;
				DEVELOPMENT_TEAM = PCCZJUYRT6;
				INFOPLIST_FILE = "ios-objc-foundation-nsmutablearray-demo/Info.plist";
				IPHONEOS_DEPLOYMENT_TARGET = 9.0;
				LD_RUNPATH_SEARCH_PATHS = "$(inherited) @executable_path/Frameworks";
				PRODUCT_BUNDLE_IDENTIFIER = "jp.st-ventures.ios-objc-foundation-nsmutablearray-demo";
				PRODUCT_NAME = "$(TARGET_NAME)";
			};
			name = Debug;
		};
		79BDCB831EEF67A80049ECC5 /* Release */ = {
			isa = XCBuildConfiguration;
			buildSettings = {
				ASSETCATALOG_COMPILER_APPICON_NAME = AppIcon;
				DEVELOPMENT_TEAM = PCCZJUYRT6;
				INFOPLIST_FILE = "ios-objc-foundation-nsmutablearray-demo/Info.plist";
				IPHONEOS_DEPLOYMENT_TARGET = 9.0;
				LD_RUNPATH_SEARCH_PATHS = "$(inherited) @executable_path/Frameworks";
				PRODUCT_BUNDLE_IDENTIFIER = "jp.st-ventures.ios-objc-foundation-nsmutablearray-demo";
				PRODUCT_NAME = "$(TARGET_NAME)";
			};
			name = Release;
		};
		79BDCB851EEF67A80049ECC5 /* Debug */ = {
			isa = XCBuildConfiguration;
			buildSettings = {
				BUNDLE_LOADER = "$(TEST_HOST)";
				INFOPLIST_FILE = "ios-objc-foundation-nsmutablearray-demoTests/Info.plist";
				LD_RUNPATH_SEARCH_PATHS = "$(inherited) @executable_path/Frameworks @loader_path/Frameworks";
				PRODUCT_BUNDLE_IDENTIFIER = "jp.st-ventures.ios-objc-foundation-nsmutablearray-demoTests";
				PRODUCT_NAME = "$(TARGET_NAME)";
				TEST_HOST = "$(BUILT_PRODUCTS_DIR)/ios-objc-foundation-nsmutablearray-demo.app/ios-objc-foundation-nsmutablearray-demo";
			};
			name = Debug;
		};
		79BDCB861EEF67A80049ECC5 /* Release */ = {
			isa = XCBuildConfiguration;
			buildSettings = {
				BUNDLE_LOADER = "$(TEST_HOST)";
				INFOPLIST_FILE = "ios-objc-foundation-nsmutablearray-demoTests/Info.plist";
				LD_RUNPATH_SEARCH_PATHS = "$(inherited) @executable_path/Frameworks @loader_path/Frameworks";
				PRODUCT_BUNDLE_IDENTIFIER = "jp.st-ventures.ios-objc-foundation-nsmutablearray-demoTests";
				PRODUCT_NAME = "$(TARGET_NAME)";
				TEST_HOST = "$(BUILT_PRODUCTS_DIR)/ios-objc-foundation-nsmutablearray-demo.app/ios-objc-foundation-nsmutablearray-demo";
			};
			name = Release;
		};
/* End XCBuildConfiguration section */

/* Begin XCConfigurationList section */
		79BDCB5A1EEF67A80049ECC5 /* Build configuration list for PBXProject "ios-objc-foundation-nsmutablearray-demo" */ = {
			isa = XCConfigurationList;
			buildConfigurations = (
				79BDCB7F1EEF67A80049ECC5 /* Debug */,
				79BDCB801EEF67A80049ECC5 /* Release */,
			);
			defaultConfigurationIsVisible = 0;
			defaultConfigurationName = Release;
		};
		79BDCB811EEF67A80049ECC5 /* Build configuration list for PBXNativeTarget "ios-objc-foundation-nsmutablearray-demo" */ = {
			isa = XCConfigurationList;
			buildConfigurations = (
				79BDCB821EEF67A80049ECC5 /* Debug */,
				79BDCB831EEF67A80049ECC5 /* Release */,
			);
			defaultConfigurationIsVisible = 0;
		};
		79BDCB841EEF67A80049ECC5 /* Build configuration list for PBXNativeTarget "ios-objc-foundation-nsmutablearray-demoTests" */ = {
			isa = XCConfigurationList;
			buildConfigurations = (
				79BDCB851EEF67A80049ECC5 /* Debug */,
				79BDCB861EEF67A80049ECC5 /* Release */,
			);
			defaultConfigurationIsVisible = 0;
		};
/* End XCConfigurationList section */
	};
	rootObject = 79BDCB571EEF67A80049ECC5 /* Project object */;
}
